Microsoft Visual Studio Solution File, Format Version 12.00
# Visual Studio 2012
Project("{FAE04EC0-301F-11D3-BF4B-00C04F79EFBC}") = "Side2D", "Side2D.csproj", "{BC40FFB0-1F9D-4EFE-8DB8-6414AA17AF47}"
EndProject
Project("{2150E333-8FDC-42A3-9474-1A3956D46DE8}") = "Core", "Core", "{4ED8C8FA-D7FA-45EE-AA13-46B01ACEAD7E}"
EndProject
Project("{FAE04EC0-301F-11D3-BF4B-00C04F79EFBC}") = "Core.Game.Services", "..\Core\Core.Game.Services\Core.Game.Services.csproj", "{B58098CF-A3B8-4721-9CB2-E151386034A1}"
EndProject
Project("{FAE04EC0-301F-11D3-BF4B-00C04F79EFBC}") = "Core.Game.Interfaces", "..\Core\Core.Game.Interfaces\Core.Game.Interfaces.csproj", "{F7A896BD-6344-43F2-AAC5-E89205AA548C}"
EndProject
Project("{FAE04EC0-301F-11D3-BF4B-00C04F79EFBC}") = "Core.Game.Models", "..\Core\Core.Game.Models\Core.Game.Models.csproj", "{20C63935-75F9-4683-8113-69A11056BA85}"
EndProject
Project("{2150E333-8FDC-42A3-9474-1A3956D46DE8}") = "Infrastructure", "Infrastructure", "{2FE82369-702B-4AF4-BBE5-8FB7CC54D0D0}"
EndProject
Project("{FAE04EC0-301F-11D3-BF4B-00C04F79EFBC}") = "Infrastructure.Cryptography", "..\Infrastructure\Infrastructure.Cryptography\Infrastructure.Cryptography.csproj", "{B0FFFDB9-36E0-4268-94DE-A6C2C5591FBE}"
EndProject
Project("{2150E333-8FDC-42A3-9474-1A3956D46DE8}") = "Server", "Server", "{2F1F6A53-7ADF-4823-B429-334E36BB817F}"
EndProject
Project("{2150E333-8FDC-42A3-9474-1A3956D46DE8}") = "Client", "Client", "{D3E64C4D-143D-4FCC-ADBE-638C4C65D54E}"
EndProject
Project("{2150E333-8FDC-42A3-9474-1A3956D46DE8}") = "Services", "Services", "{EFA95CB6-9C7D-45DF-BD14-CF56D75A4435}"
EndProject
Project("{FAE04EC0-301F-11D3-BF4B-00C04F79EFBC}") = "Side2D.Server.Attributes", "..\Server\Services\Side2D.Server.Attributes\Side2D.Server.Attributes.csproj", "{7BA552F2-9B8D-4A21-A0D3-2BB359CCCED4}"
EndProject
Project("{FAE04EC0-301F-11D3-BF4B-00C04F79EFBC}") = "Side2D.Server.Network", "..\Server\Services\Side2D.Server.Network\Side2D.Server.Network.csproj", "{1AA4CE7C-DF32-4C9E-AACC-E0C6F51708AE}"
EndProject
Project("{FAE04EC0-301F-11D3-BF4B-00C04F79EFBC}") = "Side2D.Server.Physics", "..\Server\Services\Side2D.Server.Physics\Side2D.Server.Physics.csproj", "{A0EFCCDA-3CF9-4814-9124-41BD324445D3}"
EndProject
Project("{FAE04EC0-301F-11D3-BF4B-00C04F79EFBC}") = "Side2D.Server.Repository", "..\Server\Services\Side2D.Server.Repository\Side2D.Server.Repository.csproj", "{86925B00-D1ED-4F0F-AF10-2E17BF628480}"
EndProject
Project("{FAE04EC0-301F-11D3-BF4B-00C04F79EFBC}") = "Side2D.Server.TempData", "..\Server\Services\Side2D.Server.TempData\Side2D.Server.TempData.csproj", "{0C24233D-7CDA-49D3-A837-6B273D82C9AF}"
EndProject
Project("{FAE04EC0-301F-11D3-BF4B-00C04F79EFBC}") = "Side2D.Server", "..\Server\Side2D.Server\Side2D.Server.csproj", "{D478BF2E-B8E1-472F-837B-04B9601D8A58}"
EndProject
Project("{FAE04EC0-301F-11D3-BF4B-00C04F79EFBC}") = "Side2D.Server.Services", "..\Server\Side2D.Server.Services\Side2D.Server.Services.csproj", "{3C65BF62-4503-45FB-82DA-9D82B05E6D80}"
EndProject
Project("{FAE04EC0-301F-11D3-BF4B-00C04F79EFBC}") = "Infrastructure.Database", "..\Infrastructure\Infrastructure.Database\Infrastructure.Database.csproj", "{A5576530-2F95-4017-B740-39B4B7F1EC79}"
EndProject
Project("{FAE04EC0-301F-11D3-BF4B-00C04F79EFBC}") = "Infrastructure.Network", "..\Infrastructure\Infrastructure.Network\Infrastructure.Network.csproj", "{E5FA2ED9-4036-4487-95C5-48F197B340B8}"
EndProject
Project("{FAE04EC0-301F-11D3-BF4B-00C04F79EFBC}") = "Insfrastructure.Logger", "..\Infrastructure\Insfrastructure.Logger\Insfrastructure.Logger.csproj", "{3A1E75AA-87CC-4BD3-9C07-AB27B1636D9C}"
EndProject
Project("{FAE04EC0-301F-11D3-BF4B-00C04F79EFBC}") = "LiteNetLib", "..\Infrastructure\LiteNetLib\LiteNetLib\LiteNetLib.csproj", "{551C430E-E4F2-4B3B-8A65-50FD9E6EF542}"
EndProject
Project("{FAE04EC0-301F-11D3-BF4B-00C04F79EFBC}") = "Side2D.Server.Combat", "..\Server\Services\Side2D.Server.Combat\Side2D.Server.Combat.csproj", "{7B851ACF-F5A3-4FCC-AB71-726C6C4B77AE}"
EndProject
Project("{FAE04EC0-301F-11D3-BF4B-00C04F79EFBC}") = "Infrastructure.Physics", "..\Infrastructure\Infrastructure.Physics\Infrastructure.Physics.csproj", "{77454882-9E19-4FD1-B4A8-E26D73B62418}"
EndProject
Project("{2150E333-8FDC-42A3-9474-1A3956D46DE8}") = "External", "External", "{518007E6-3067-4310-A5A1-6AB51AFBF0C8}"
EndProject
Project("{FAE04EC0-301F-11D3-BF4B-00C04F79EFBC}") = "VelcroPhysics", "..\Infrastructure\VelcroPhysics\src\VelcroPhysics\VelcroPhysics.csproj", "{9CE2DA16-D568-4E3F-9A23-27F0249DF120}"
EndProject
Project("{FAE04EC0-301F-11D3-BF4B-00C04F79EFBC}") = "Infrastructure.Data", "..\Infrastructure\Infrastructure.Data\Infrastructure.Data.csproj", "{0FDD55E7-4E43-4E54-BF39-0383B60291A8}"
EndProject
Project("{FAE04EC0-301F-11D3-BF4B-00C04F79EFBC}") = "VelcroPhysics.Models", "..\Infrastructure\VelcroPhysics.Models\VelcroPhysics.Models.csproj", "{BEE18D28-B150-45BD-A64D-E5240023A042}"
EndProject
Project("{FAE04EC0-301F-11D3-BF4B-00C04F79EFBC}") = "Aether.Physics2D", "..\Infrastructure\Aether.Physics\Physics2D\Aether.Physics2D.csproj", "{FF178597-6727-4FF7-98B1-EBFC9A18EDF0}"
EndProject
Global
	GlobalSection(SolutionConfigurationPlatforms) = preSolution
	Debug|Any CPU = Debug|Any CPU
	ExportDebug|Any CPU = ExportDebug|Any CPU
	ExportRelease|Any CPU = ExportRelease|Any CPU
	EndGlobalSection
	GlobalSection(ProjectConfigurationPlatforms) = postSolution
		{BC40FFB0-1F9D-4EFE-8DB8-6414AA17AF47}.Debug|Any CPU.ActiveCfg = Debug|Any CPU
		{BC40FFB0-1F9D-4EFE-8DB8-6414AA17AF47}.Debug|Any CPU.Build.0 = Debug|Any CPU
		{BC40FFB0-1F9D-4EFE-8DB8-6414AA17AF47}.ExportDebug|Any CPU.ActiveCfg = ExportDebug|Any CPU
		{BC40FFB0-1F9D-4EFE-8DB8-6414AA17AF47}.ExportDebug|Any CPU.Build.0 = ExportDebug|Any CPU
		{BC40FFB0-1F9D-4EFE-8DB8-6414AA17AF47}.ExportRelease|Any CPU.ActiveCfg = ExportRelease|Any CPU
		{BC40FFB0-1F9D-4EFE-8DB8-6414AA17AF47}.ExportRelease|Any CPU.Build.0 = ExportRelease|Any CPU
		{B58098CF-A3B8-4721-9CB2-E151386034A1}.Debug|Any CPU.ActiveCfg = Debug|Any CPU
		{B58098CF-A3B8-4721-9CB2-E151386034A1}.Debug|Any CPU.Build.0 = Debug|Any CPU
		{B58098CF-A3B8-4721-9CB2-E151386034A1}.ExportDebug|Any CPU.ActiveCfg = Debug|Any CPU
		{B58098CF-A3B8-4721-9CB2-E151386034A1}.ExportDebug|Any CPU.Build.0 = Debug|Any CPU
		{B58098CF-A3B8-4721-9CB2-E151386034A1}.ExportRelease|Any CPU.ActiveCfg = Debug|Any CPU
		{B58098CF-A3B8-4721-9CB2-E151386034A1}.ExportRelease|Any CPU.Build.0 = Debug|Any CPU
		{F7A896BD-6344-43F2-AAC5-E89205AA548C}.Debug|Any CPU.ActiveCfg = Debug|Any CPU
		{F7A896BD-6344-43F2-AAC5-E89205AA548C}.Debug|Any CPU.Build.0 = Debug|Any CPU
		{F7A896BD-6344-43F2-AAC5-E89205AA548C}.ExportDebug|Any CPU.ActiveCfg = Debug|Any CPU
		{F7A896BD-6344-43F2-AAC5-E89205AA548C}.ExportDebug|Any CPU.Build.0 = Debug|Any CPU
		{F7A896BD-6344-43F2-AAC5-E89205AA548C}.ExportRelease|Any CPU.ActiveCfg = Debug|Any CPU
		{F7A896BD-6344-43F2-AAC5-E89205AA548C}.ExportRelease|Any CPU.Build.0 = Debug|Any CPU
		{20C63935-75F9-4683-8113-69A11056BA85}.Debug|Any CPU.ActiveCfg = Debug|Any CPU
		{20C63935-75F9-4683-8113-69A11056BA85}.Debug|Any CPU.Build.0 = Debug|Any CPU
		{20C63935-75F9-4683-8113-69A11056BA85}.ExportDebug|Any CPU.ActiveCfg = Debug|Any CPU
		{20C63935-75F9-4683-8113-69A11056BA85}.ExportDebug|Any CPU.Build.0 = Debug|Any CPU
		{20C63935-75F9-4683-8113-69A11056BA85}.ExportRelease|Any CPU.ActiveCfg = Debug|Any CPU
		{20C63935-75F9-4683-8113-69A11056BA85}.ExportRelease|Any CPU.Build.0 = Debug|Any CPU
		{B0FFFDB9-36E0-4268-94DE-A6C2C5591FBE}.Debug|Any CPU.ActiveCfg = Debug|Any CPU
		{B0FFFDB9-36E0-4268-94DE-A6C2C5591FBE}.Debug|Any CPU.Build.0 = Debug|Any CPU
		{B0FFFDB9-36E0-4268-94DE-A6C2C5591FBE}.ExportDebug|Any CPU.ActiveCfg = Debug|Any CPU
		{B0FFFDB9-36E0-4268-94DE-A6C2C5591FBE}.ExportDebug|Any CPU.Build.0 = Debug|Any CPU
		{B0FFFDB9-36E0-4268-94DE-A6C2C5591FBE}.ExportRelease|Any CPU.ActiveCfg = Debug|Any CPU
		{B0FFFDB9-36E0-4268-94DE-A6C2C5591FBE}.ExportRelease|Any CPU.Build.0 = Debug|Any CPU
		{7BA552F2-9B8D-4A21-A0D3-2BB359CCCED4}.Debug|Any CPU.ActiveCfg = Debug|Any CPU
		{7BA552F2-9B8D-4A21-A0D3-2BB359CCCED4}.Debug|Any CPU.Build.0 = Debug|Any CPU
		{7BA552F2-9B8D-4A21-A0D3-2BB359CCCED4}.ExportDebug|Any CPU.ActiveCfg = Debug|Any CPU
		{7BA552F2-9B8D-4A21-A0D3-2BB359CCCED4}.ExportDebug|Any CPU.Build.0 = Debug|Any CPU
		{7BA552F2-9B8D-4A21-A0D3-2BB359CCCED4}.ExportRelease|Any CPU.ActiveCfg = Debug|Any CPU
		{7BA552F2-9B8D-4A21-A0D3-2BB359CCCED4}.ExportRelease|Any CPU.Build.0 = Debug|Any CPU
		{1AA4CE7C-DF32-4C9E-AACC-E0C6F51708AE}.Debug|Any CPU.ActiveCfg = Debug|Any CPU
		{1AA4CE7C-DF32-4C9E-AACC-E0C6F51708AE}.Debug|Any CPU.Build.0 = Debug|Any CPU
		{1AA4CE7C-DF32-4C9E-AACC-E0C6F51708AE}.ExportDebug|Any CPU.ActiveCfg = Debug|Any CPU
		{1AA4CE7C-DF32-4C9E-AACC-E0C6F51708AE}.ExportDebug|Any CPU.Build.0 = Debug|Any CPU
		{1AA4CE7C-DF32-4C9E-AACC-E0C6F51708AE}.ExportRelease|Any CPU.ActiveCfg = Debug|Any CPU
		{1AA4CE7C-DF32-4C9E-AACC-E0C6F51708AE}.ExportRelease|Any CPU.Build.0 = Debug|Any CPU
		{A0EFCCDA-3CF9-4814-9124-41BD324445D3}.Debug|Any CPU.ActiveCfg = Debug|Any CPU
		{A0EFCCDA-3CF9-4814-9124-41BD324445D3}.Debug|Any CPU.Build.0 = Debug|Any CPU
		{A0EFCCDA-3CF9-4814-9124-41BD324445D3}.ExportDebug|Any CPU.ActiveCfg = Debug|Any CPU
		{A0EFCCDA-3CF9-4814-9124-41BD324445D3}.ExportDebug|Any CPU.Build.0 = Debug|Any CPU
		{A0EFCCDA-3CF9-4814-9124-41BD324445D3}.ExportRelease|Any CPU.ActiveCfg = Debug|Any CPU
		{A0EFCCDA-3CF9-4814-9124-41BD324445D3}.ExportRelease|Any CPU.Build.0 = Debug|Any CPU
		{86925B00-D1ED-4F0F-AF10-2E17BF628480}.Debug|Any CPU.ActiveCfg = Debug|Any CPU
		{86925B00-D1ED-4F0F-AF10-2E17BF628480}.Debug|Any CPU.Build.0 = Debug|Any CPU
		{86925B00-D1ED-4F0F-AF10-2E17BF628480}.ExportDebug|Any CPU.ActiveCfg = Debug|Any CPU
		{86925B00-D1ED-4F0F-AF10-2E17BF628480}.ExportDebug|Any CPU.Build.0 = Debug|Any CPU
		{86925B00-D1ED-4F0F-AF10-2E17BF628480}.ExportRelease|Any CPU.ActiveCfg = Debug|Any CPU
		{86925B00-D1ED-4F0F-AF10-2E17BF628480}.ExportRelease|Any CPU.Build.0 = Debug|Any CPU
		{0C24233D-7CDA-49D3-A837-6B273D82C9AF}.Debug|Any CPU.ActiveCfg = Debug|Any CPU
		{0C24233D-7CDA-49D3-A837-6B273D82C9AF}.Debug|Any CPU.Build.0 = Debug|Any CPU
		{0C24233D-7CDA-49D3-A837-6B273D82C9AF}.ExportDebug|Any CPU.ActiveCfg = Debug|Any CPU
		{0C24233D-7CDA-49D3-A837-6B273D82C9AF}.ExportDebug|Any CPU.Build.0 = Debug|Any CPU
		{0C24233D-7CDA-49D3-A837-6B273D82C9AF}.ExportRelease|Any CPU.ActiveCfg = Debug|Any CPU
		{0C24233D-7CDA-49D3-A837-6B273D82C9AF}.ExportRelease|Any CPU.Build.0 = Debug|Any CPU
		{D478BF2E-B8E1-472F-837B-04B9601D8A58}.Debug|Any CPU.ActiveCfg = Debug|Any CPU
		{D478BF2E-B8E1-472F-837B-04B9601D8A58}.Debug|Any CPU.Build.0 = Debug|Any CPU
		{D478BF2E-B8E1-472F-837B-04B9601D8A58}.ExportDebug|Any CPU.ActiveCfg = Debug|Any CPU
		{D478BF2E-B8E1-472F-837B-04B9601D8A58}.ExportDebug|Any CPU.Build.0 = Debug|Any CPU
		{D478BF2E-B8E1-472F-837B-04B9601D8A58}.ExportRelease|Any CPU.ActiveCfg = Debug|Any CPU
		{D478BF2E-B8E1-472F-837B-04B9601D8A58}.ExportRelease|Any CPU.Build.0 = Debug|Any CPU
		{3C65BF62-4503-45FB-82DA-9D82B05E6D80}.Debug|Any CPU.ActiveCfg = Debug|Any CPU
		{3C65BF62-4503-45FB-82DA-9D82B05E6D80}.Debug|Any CPU.Build.0 = Debug|Any CPU
		{3C65BF62-4503-45FB-82DA-9D82B05E6D80}.ExportDebug|Any CPU.ActiveCfg = Debug|Any CPU
		{3C65BF62-4503-45FB-82DA-9D82B05E6D80}.ExportDebug|Any CPU.Build.0 = Debug|Any CPU
		{3C65BF62-4503-45FB-82DA-9D82B05E6D80}.ExportRelease|Any CPU.ActiveCfg = Debug|Any CPU
		{3C65BF62-4503-45FB-82DA-9D82B05E6D80}.ExportRelease|Any CPU.Build.0 = Debug|Any CPU
		{A5576530-2F95-4017-B740-39B4B7F1EC79}.Debug|Any CPU.ActiveCfg = Debug|Any CPU
		{A5576530-2F95-4017-B740-39B4B7F1EC79}.Debug|Any CPU.Build.0 = Debug|Any CPU
		{A5576530-2F95-4017-B740-39B4B7F1EC79}.ExportDebug|Any CPU.ActiveCfg = Debug|Any CPU
		{A5576530-2F95-4017-B740-39B4B7F1EC79}.ExportDebug|Any CPU.Build.0 = Debug|Any CPU
		{A5576530-2F95-4017-B740-39B4B7F1EC79}.ExportRelease|Any CPU.ActiveCfg = Debug|Any CPU
		{A5576530-2F95-4017-B740-39B4B7F1EC79}.ExportRelease|Any CPU.Build.0 = Debug|Any CPU
		{E5FA2ED9-4036-4487-95C5-48F197B340B8}.Debug|Any CPU.ActiveCfg = Debug|Any CPU
		{E5FA2ED9-4036-4487-95C5-48F197B340B8}.Debug|Any CPU.Build.0 = Debug|Any CPU
		{E5FA2ED9-4036-4487-95C5-48F197B340B8}.ExportDebug|Any CPU.ActiveCfg = Debug|Any CPU
		{E5FA2ED9-4036-4487-95C5-48F197B340B8}.ExportDebug|Any CPU.Build.0 = Debug|Any CPU
		{E5FA2ED9-4036-4487-95C5-48F197B340B8}.ExportRelease|Any CPU.ActiveCfg = Debug|Any CPU
		{E5FA2ED9-4036-4487-95C5-48F197B340B8}.ExportRelease|Any CPU.Build.0 = Debug|Any CPU
		{3A1E75AA-87CC-4BD3-9C07-AB27B1636D9C}.Debug|Any CPU.ActiveCfg = Debug|Any CPU
		{3A1E75AA-87CC-4BD3-9C07-AB27B1636D9C}.Debug|Any CPU.Build.0 = Debug|Any CPU
		{3A1E75AA-87CC-4BD3-9C07-AB27B1636D9C}.ExportDebug|Any CPU.ActiveCfg = Debug|Any CPU
		{3A1E75AA-87CC-4BD3-9C07-AB27B1636D9C}.ExportDebug|Any CPU.Build.0 = Debug|Any CPU
		{3A1E75AA-87CC-4BD3-9C07-AB27B1636D9C}.ExportRelease|Any CPU.ActiveCfg = Debug|Any CPU
		{3A1E75AA-87CC-4BD3-9C07-AB27B1636D9C}.ExportRelease|Any CPU.Build.0 = Debug|Any CPU
		{551C430E-E4F2-4B3B-8A65-50FD9E6EF542}.Debug|Any CPU.ActiveCfg = Debug|Any CPU
		{551C430E-E4F2-4B3B-8A65-50FD9E6EF542}.Debug|Any CPU.Build.0 = Debug|Any CPU
		{551C430E-E4F2-4B3B-8A65-50FD9E6EF542}.ExportDebug|Any CPU.ActiveCfg = Debug|Any CPU
		{551C430E-E4F2-4B3B-8A65-50FD9E6EF542}.ExportDebug|Any CPU.Build.0 = Debug|Any CPU
		{551C430E-E4F2-4B3B-8A65-50FD9E6EF542}.ExportRelease|Any CPU.ActiveCfg = Debug|Any CPU
		{551C430E-E4F2-4B3B-8A65-50FD9E6EF542}.ExportRelease|Any CPU.Build.0 = Debug|Any CPU
		{7B851ACF-F5A3-4FCC-AB71-726C6C4B77AE}.Debug|Any CPU.ActiveCfg = Debug|Any CPU
		{7B851ACF-F5A3-4FCC-AB71-726C6C4B77AE}.Debug|Any CPU.Build.0 = Debug|Any CPU
		{7B851ACF-F5A3-4FCC-AB71-726C6C4B77AE}.ExportDebug|Any CPU.ActiveCfg = Debug|Any CPU
		{7B851ACF-F5A3-4FCC-AB71-726C6C4B77AE}.ExportDebug|Any CPU.Build.0 = Debug|Any CPU
		{7B851ACF-F5A3-4FCC-AB71-726C6C4B77AE}.ExportRelease|Any CPU.ActiveCfg = Debug|Any CPU
		{7B851ACF-F5A3-4FCC-AB71-726C6C4B77AE}.ExportRelease|Any CPU.Build.0 = Debug|Any CPU
		{77454882-9E19-4FD1-B4A8-E26D73B62418}.Debug|Any CPU.ActiveCfg = Debug|Any CPU
		{77454882-9E19-4FD1-B4A8-E26D73B62418}.Debug|Any CPU.Build.0 = Debug|Any CPU
		{77454882-9E19-4FD1-B4A8-E26D73B62418}.ExportDebug|Any CPU.ActiveCfg = Debug|Any CPU
		{77454882-9E19-4FD1-B4A8-E26D73B62418}.ExportDebug|Any CPU.Build.0 = Debug|Any CPU
		{77454882-9E19-4FD1-B4A8-E26D73B62418}.ExportRelease|Any CPU.ActiveCfg = Debug|Any CPU
		{77454882-9E19-4FD1-B4A8-E26D73B62418}.ExportRelease|Any CPU.Build.0 = Debug|Any CPU
		{9CE2DA16-D568-4E3F-9A23-27F0249DF120}.ExportDebug|Any CPU.ActiveCfg = WindowsDebug|Any CPU
		{9CE2DA16-D568-4E3F-9A23-27F0249DF120}.ExportDebug|Any CPU.Build.0 = WindowsDebug|Any CPU
		{9CE2DA16-D568-4E3F-9A23-27F0249DF120}.ExportRelease|Any CPU.ActiveCfg = WindowsDebug|Any CPU
		{9CE2DA16-D568-4E3F-9A23-27F0249DF120}.ExportRelease|Any CPU.Build.0 = WindowsDebug|Any CPU
		{9CE2DA16-D568-4E3F-9A23-27F0249DF120}.Debug|Any CPU.ActiveCfg = LinuxRelease|Any CPU
		{9CE2DA16-D568-4E3F-9A23-27F0249DF120}.Debug|Any CPU.Build.0 = LinuxRelease|Any CPU
		{0FDD55E7-4E43-4E54-BF39-0383B60291A8}.Debug|Any CPU.ActiveCfg = Debug|Any CPU
		{0FDD55E7-4E43-4E54-BF39-0383B60291A8}.Debug|Any CPU.Build.0 = Debug|Any CPU
		{0FDD55E7-4E43-4E54-BF39-0383B60291A8}.ExportDebug|Any CPU.ActiveCfg = Debug|Any CPU
		{0FDD55E7-4E43-4E54-BF39-0383B60291A8}.ExportDebug|Any CPU.Build.0 = Debug|Any CPU
		{0FDD55E7-4E43-4E54-BF39-0383B60291A8}.ExportRelease|Any CPU.ActiveCfg = Debug|Any CPU
		{0FDD55E7-4E43-4E54-BF39-0383B60291A8}.ExportRelease|Any CPU.Build.0 = Debug|Any CPU
		{BEE18D28-B150-45BD-A64D-E5240023A042}.Debug|Any CPU.ActiveCfg = Debug|Any CPU
		{BEE18D28-B150-45BD-A64D-E5240023A042}.Debug|Any CPU.Build.0 = Debug|Any CPU
		{BEE18D28-B150-45BD-A64D-E5240023A042}.ExportDebug|Any CPU.ActiveCfg = Debug|Any CPU
		{BEE18D28-B150-45BD-A64D-E5240023A042}.ExportDebug|Any CPU.Build.0 = Debug|Any CPU
		{BEE18D28-B150-45BD-A64D-E5240023A042}.ExportRelease|Any CPU.ActiveCfg = Debug|Any CPU
		{BEE18D28-B150-45BD-A64D-E5240023A042}.ExportRelease|Any CPU.Build.0 = Debug|Any CPU
		{FF178597-6727-4FF7-98B1-EBFC9A18EDF0}.Debug|Any CPU.ActiveCfg = Debug|Any CPU
		{FF178597-6727-4FF7-98B1-EBFC9A18EDF0}.Debug|Any CPU.Build.0 = Debug|Any CPU
		{FF178597-6727-4FF7-98B1-EBFC9A18EDF0}.ExportDebug|Any CPU.ActiveCfg = Debug|Any CPU
		{FF178597-6727-4FF7-98B1-EBFC9A18EDF0}.ExportDebug|Any CPU.Build.0 = Debug|Any CPU
		{FF178597-6727-4FF7-98B1-EBFC9A18EDF0}.ExportRelease|Any CPU.ActiveCfg = Debug|Any CPU
		{FF178597-6727-4FF7-98B1-EBFC9A18EDF0}.ExportRelease|Any CPU.Build.0 = Debug|Any CPU
	EndGlobalSection
	GlobalSection(NestedProjects) = preSolution
		{B58098CF-A3B8-4721-9CB2-E151386034A1} = {4ED8C8FA-D7FA-45EE-AA13-46B01ACEAD7E}
		{F7A896BD-6344-43F2-AAC5-E89205AA548C} = {4ED8C8FA-D7FA-45EE-AA13-46B01ACEAD7E}
		{20C63935-75F9-4683-8113-69A11056BA85} = {4ED8C8FA-D7FA-45EE-AA13-46B01ACEAD7E}
		{B0FFFDB9-36E0-4268-94DE-A6C2C5591FBE} = {2FE82369-702B-4AF4-BBE5-8FB7CC54D0D0}
		{BC40FFB0-1F9D-4EFE-8DB8-6414AA17AF47} = {D3E64C4D-143D-4FCC-ADBE-638C4C65D54E}
		{EFA95CB6-9C7D-45DF-BD14-CF56D75A4435} = {2F1F6A53-7ADF-4823-B429-334E36BB817F}
		{7BA552F2-9B8D-4A21-A0D3-2BB359CCCED4} = {EFA95CB6-9C7D-45DF-BD14-CF56D75A4435}
		{1AA4CE7C-DF32-4C9E-AACC-E0C6F51708AE} = {EFA95CB6-9C7D-45DF-BD14-CF56D75A4435}
		{A0EFCCDA-3CF9-4814-9124-41BD324445D3} = {EFA95CB6-9C7D-45DF-BD14-CF56D75A4435}
		{86925B00-D1ED-4F0F-AF10-2E17BF628480} = {EFA95CB6-9C7D-45DF-BD14-CF56D75A4435}
		{0C24233D-7CDA-49D3-A837-6B273D82C9AF} = {EFA95CB6-9C7D-45DF-BD14-CF56D75A4435}
		{D478BF2E-B8E1-472F-837B-04B9601D8A58} = {2F1F6A53-7ADF-4823-B429-334E36BB817F}
		{3C65BF62-4503-45FB-82DA-9D82B05E6D80} = {2F1F6A53-7ADF-4823-B429-334E36BB817F}
		{A5576530-2F95-4017-B740-39B4B7F1EC79} = {2FE82369-702B-4AF4-BBE5-8FB7CC54D0D0}
		{E5FA2ED9-4036-4487-95C5-48F197B340B8} = {2FE82369-702B-4AF4-BBE5-8FB7CC54D0D0}
		{3A1E75AA-87CC-4BD3-9C07-AB27B1636D9C} = {2FE82369-702B-4AF4-BBE5-8FB7CC54D0D0}
		{7B851ACF-F5A3-4FCC-AB71-726C6C4B77AE} = {EFA95CB6-9C7D-45DF-BD14-CF56D75A4435}
		{77454882-9E19-4FD1-B4A8-E26D73B62418} = {2FE82369-702B-4AF4-BBE5-8FB7CC54D0D0}
		{518007E6-3067-4310-A5A1-6AB51AFBF0C8} = {2FE82369-702B-4AF4-BBE5-8FB7CC54D0D0}
		{551C430E-E4F2-4B3B-8A65-50FD9E6EF542} = {518007E6-3067-4310-A5A1-6AB51AFBF0C8}
		{9CE2DA16-D568-4E3F-9A23-27F0249DF120} = {518007E6-3067-4310-A5A1-6AB51AFBF0C8}
		{0FDD55E7-4E43-4E54-BF39-0383B60291A8} = {2FE82369-702B-4AF4-BBE5-8FB7CC54D0D0}
		{BEE18D28-B150-45BD-A64D-E5240023A042} = {518007E6-3067-4310-A5A1-6AB51AFBF0C8}
		{FF178597-6727-4FF7-98B1-EBFC9A18EDF0} = {518007E6-3067-4310-A5A1-6AB51AFBF0C8}
	EndGlobalSection
EndGlobal
