Microsoft Visual Studio Solution File, Format Version 12.00
# Visual Studio 2012
Project("{FAE04EC0-301F-11D3-BF4B-00C04F79EFBC}") = "Side2D", "Side2D.csproj", "{BC40FFB0-1F9D-4EFE-8DB8-6414AA17AF47}"
EndProject
Project("{FAE04EC0-301F-11D3-BF4B-00C04F79EFBC}") = "Side2D.Server", "..\Side2D.Server\Side2D.Server.csproj", "{53E8A52F-66A8-44D2-9630-D3EDE671C9D2}"
EndProject
Project("{FAE04EC0-301F-11D3-BF4B-00C04F79EFBC}") = "Side2D.Services", "..\Side2D.Services\Side2D.Services.csproj", "{E3AA360E-3644-40B4-87A5-0D35343BC93D}"
EndProject
Project("{FAE04EC0-301F-11D3-BF4B-00C04F79EFBC}") = "Side2D.Services.Configuration", "..\Side2D.Services.Configuration\Side2D.Services.Configuration.csproj", "{3458FA6A-C47C-48EC-B696-4DF5E93206A6}"
EndProject
Project("{FAE04EC0-301F-11D3-BF4B-00C04F79EFBC}") = "Side2D.Logger", "..\Side2D.Logger\Side2D.Logger.csproj", "{33F39CAF-D35D-478A-89BB-DCA209502A7E}"
EndProject
Project("{FAE04EC0-301F-11D3-BF4B-00C04F79EFBC}") = "Side2D.Network", "..\Side2D.Network\Side2D.Network.csproj", "{ED11F277-EF71-4945-BC0E-41912D698891}"
EndProject
Project("{FAE04EC0-301F-11D3-BF4B-00C04F79EFBC}") = "Side2D.Server.Network", "..\Side2D.Server.Network\Side2D.Server.Network.csproj", "{D7D1E955-098A-4415-9E07-003BBD8FE606}"
EndProject
Project("{FAE04EC0-301F-11D3-BF4B-00C04F79EFBC}") = "LiteNetLib", "..\External\LiteNet\LiteNetLib\LiteNetLib.csproj", "{F776E7E6-9848-4AE9-AD66-9303A8B283B5}"
EndProject
Project("{2150E333-8FDC-42A3-9474-1A3956D46DE8}") = "External", "External", "{2A69FAD0-BC78-4F13-B109-C1DBD4AE715C}"
EndProject
Project("{FAE04EC0-301F-11D3-BF4B-00C04F79EFBC}") = "Side2D.Models", "..\Side2D.Models\Side2D.Models.csproj", "{C6900FEC-A945-4587-9FE6-7F35B5646809}"
EndProject
Project("{FAE04EC0-301F-11D3-BF4B-00C04F79EFBC}") = "Database", "..\External\Database\Database.csproj", "{BBF5F784-9BD5-4E8E-860B-88F80AEAD5FB}"
EndProject
Project("{FAE04EC0-301F-11D3-BF4B-00C04F79EFBC}") = "Side2D.Server.Database", "..\Side2D.Server.Database\Side2D.Server.Database.csproj", "{5ACBAD0D-2441-4406-9151-B8BBD5EBD8CE}"
EndProject
Project("{FAE04EC0-301F-11D3-BF4B-00C04F79EFBC}") = "Side2D.Cryptography", "..\Side2D.Cryptography\Side2D.Cryptography.csproj", "{DEC70B9D-0406-4698-A4CD-03CFCE4CDB19}"
EndProject
Project("{FAE04EC0-301F-11D3-BF4B-00C04F79EFBC}") = "Side2D.Tests", "..\Side2D.Tests\Side2D.Tests.csproj", "{CB4166CB-6763-479E-A352-B835C383975D}"
EndProject
Project("{FAE04EC0-301F-11D3-BF4B-00C04F79EFBC}") = "Side2D.Server.TempData", "..\Side2D.Server.TempData\Side2D.Server.TempData.csproj", "{0E41D83B-470C-4A21-A628-A4E15B72425E}"
EndProject
Global
	GlobalSection(SolutionConfigurationPlatforms) = preSolution
	Debug|Any CPU = Debug|Any CPU
	ExportDebug|Any CPU = ExportDebug|Any CPU
	ExportRelease|Any CPU = ExportRelease|Any CPU
	EndGlobalSection
	GlobalSection(ProjectConfigurationPlatforms) = postSolution
		{BC40FFB0-1F9D-4EFE-8DB8-6414AA17AF47}.Debug|Any CPU.ActiveCfg = Debug|Any CPU
		{BC40FFB0-1F9D-4EFE-8DB8-6414AA17AF47}.Debug|Any CPU.Build.0 = Debug|Any CPU
		{BC40FFB0-1F9D-4EFE-8DB8-6414AA17AF47}.ExportDebug|Any CPU.ActiveCfg = ExportDebug|Any CPU
		{BC40FFB0-1F9D-4EFE-8DB8-6414AA17AF47}.ExportDebug|Any CPU.Build.0 = ExportDebug|Any CPU
		{BC40FFB0-1F9D-4EFE-8DB8-6414AA17AF47}.ExportRelease|Any CPU.ActiveCfg = ExportRelease|Any CPU
		{BC40FFB0-1F9D-4EFE-8DB8-6414AA17AF47}.ExportRelease|Any CPU.Build.0 = ExportRelease|Any CPU
		{53E8A52F-66A8-44D2-9630-D3EDE671C9D2}.Debug|Any CPU.ActiveCfg = Debug|Any CPU
		{53E8A52F-66A8-44D2-9630-D3EDE671C9D2}.Debug|Any CPU.Build.0 = Debug|Any CPU
		{53E8A52F-66A8-44D2-9630-D3EDE671C9D2}.ExportDebug|Any CPU.ActiveCfg = Debug|Any CPU
		{53E8A52F-66A8-44D2-9630-D3EDE671C9D2}.ExportDebug|Any CPU.Build.0 = Debug|Any CPU
		{53E8A52F-66A8-44D2-9630-D3EDE671C9D2}.ExportRelease|Any CPU.ActiveCfg = Debug|Any CPU
		{53E8A52F-66A8-44D2-9630-D3EDE671C9D2}.ExportRelease|Any CPU.Build.0 = Debug|Any CPU
		{E3AA360E-3644-40B4-87A5-0D35343BC93D}.Debug|Any CPU.ActiveCfg = Debug|Any CPU
		{E3AA360E-3644-40B4-87A5-0D35343BC93D}.Debug|Any CPU.Build.0 = Debug|Any CPU
		{E3AA360E-3644-40B4-87A5-0D35343BC93D}.ExportDebug|Any CPU.ActiveCfg = Debug|Any CPU
		{E3AA360E-3644-40B4-87A5-0D35343BC93D}.ExportDebug|Any CPU.Build.0 = Debug|Any CPU
		{E3AA360E-3644-40B4-87A5-0D35343BC93D}.ExportRelease|Any CPU.ActiveCfg = Debug|Any CPU
		{E3AA360E-3644-40B4-87A5-0D35343BC93D}.ExportRelease|Any CPU.Build.0 = Debug|Any CPU
		{3458FA6A-C47C-48EC-B696-4DF5E93206A6}.Debug|Any CPU.ActiveCfg = Debug|Any CPU
		{3458FA6A-C47C-48EC-B696-4DF5E93206A6}.Debug|Any CPU.Build.0 = Debug|Any CPU
		{3458FA6A-C47C-48EC-B696-4DF5E93206A6}.ExportDebug|Any CPU.ActiveCfg = Debug|Any CPU
		{3458FA6A-C47C-48EC-B696-4DF5E93206A6}.ExportDebug|Any CPU.Build.0 = Debug|Any CPU
		{3458FA6A-C47C-48EC-B696-4DF5E93206A6}.ExportRelease|Any CPU.ActiveCfg = Debug|Any CPU
		{3458FA6A-C47C-48EC-B696-4DF5E93206A6}.ExportRelease|Any CPU.Build.0 = Debug|Any CPU
		{33F39CAF-D35D-478A-89BB-DCA209502A7E}.Debug|Any CPU.ActiveCfg = Debug|Any CPU
		{33F39CAF-D35D-478A-89BB-DCA209502A7E}.Debug|Any CPU.Build.0 = Debug|Any CPU
		{33F39CAF-D35D-478A-89BB-DCA209502A7E}.ExportDebug|Any CPU.ActiveCfg = Debug|Any CPU
		{33F39CAF-D35D-478A-89BB-DCA209502A7E}.ExportDebug|Any CPU.Build.0 = Debug|Any CPU
		{33F39CAF-D35D-478A-89BB-DCA209502A7E}.ExportRelease|Any CPU.ActiveCfg = Debug|Any CPU
		{33F39CAF-D35D-478A-89BB-DCA209502A7E}.ExportRelease|Any CPU.Build.0 = Debug|Any CPU
		{ED11F277-EF71-4945-BC0E-41912D698891}.Debug|Any CPU.ActiveCfg = Debug|Any CPU
		{ED11F277-EF71-4945-BC0E-41912D698891}.Debug|Any CPU.Build.0 = Debug|Any CPU
		{ED11F277-EF71-4945-BC0E-41912D698891}.ExportDebug|Any CPU.ActiveCfg = Debug|Any CPU
		{ED11F277-EF71-4945-BC0E-41912D698891}.ExportDebug|Any CPU.Build.0 = Debug|Any CPU
		{ED11F277-EF71-4945-BC0E-41912D698891}.ExportRelease|Any CPU.ActiveCfg = Debug|Any CPU
		{ED11F277-EF71-4945-BC0E-41912D698891}.ExportRelease|Any CPU.Build.0 = Debug|Any CPU
		{D7D1E955-098A-4415-9E07-003BBD8FE606}.Debug|Any CPU.ActiveCfg = Debug|Any CPU
		{D7D1E955-098A-4415-9E07-003BBD8FE606}.Debug|Any CPU.Build.0 = Debug|Any CPU
		{D7D1E955-098A-4415-9E07-003BBD8FE606}.ExportDebug|Any CPU.ActiveCfg = Debug|Any CPU
		{D7D1E955-098A-4415-9E07-003BBD8FE606}.ExportDebug|Any CPU.Build.0 = Debug|Any CPU
		{D7D1E955-098A-4415-9E07-003BBD8FE606}.ExportRelease|Any CPU.ActiveCfg = Debug|Any CPU
		{D7D1E955-098A-4415-9E07-003BBD8FE606}.ExportRelease|Any CPU.Build.0 = Debug|Any CPU
		{F776E7E6-9848-4AE9-AD66-9303A8B283B5}.Debug|Any CPU.ActiveCfg = Debug|Any CPU
		{F776E7E6-9848-4AE9-AD66-9303A8B283B5}.Debug|Any CPU.Build.0 = Debug|Any CPU
		{F776E7E6-9848-4AE9-AD66-9303A8B283B5}.ExportDebug|Any CPU.ActiveCfg = Debug|Any CPU
		{F776E7E6-9848-4AE9-AD66-9303A8B283B5}.ExportDebug|Any CPU.Build.0 = Debug|Any CPU
		{F776E7E6-9848-4AE9-AD66-9303A8B283B5}.ExportRelease|Any CPU.ActiveCfg = Debug|Any CPU
		{F776E7E6-9848-4AE9-AD66-9303A8B283B5}.ExportRelease|Any CPU.Build.0 = Debug|Any CPU
		{C6900FEC-A945-4587-9FE6-7F35B5646809}.Debug|Any CPU.ActiveCfg = Debug|Any CPU
		{C6900FEC-A945-4587-9FE6-7F35B5646809}.Debug|Any CPU.Build.0 = Debug|Any CPU
		{C6900FEC-A945-4587-9FE6-7F35B5646809}.ExportDebug|Any CPU.ActiveCfg = Debug|Any CPU
		{C6900FEC-A945-4587-9FE6-7F35B5646809}.ExportDebug|Any CPU.Build.0 = Debug|Any CPU
		{C6900FEC-A945-4587-9FE6-7F35B5646809}.ExportRelease|Any CPU.ActiveCfg = Debug|Any CPU
		{C6900FEC-A945-4587-9FE6-7F35B5646809}.ExportRelease|Any CPU.Build.0 = Debug|Any CPU
		{BBF5F784-9BD5-4E8E-860B-88F80AEAD5FB}.Debug|Any CPU.ActiveCfg = Debug|Any CPU
		{BBF5F784-9BD5-4E8E-860B-88F80AEAD5FB}.Debug|Any CPU.Build.0 = Debug|Any CPU
		{BBF5F784-9BD5-4E8E-860B-88F80AEAD5FB}.ExportDebug|Any CPU.ActiveCfg = Debug|Any CPU
		{BBF5F784-9BD5-4E8E-860B-88F80AEAD5FB}.ExportDebug|Any CPU.Build.0 = Debug|Any CPU
		{BBF5F784-9BD5-4E8E-860B-88F80AEAD5FB}.ExportRelease|Any CPU.ActiveCfg = Debug|Any CPU
		{BBF5F784-9BD5-4E8E-860B-88F80AEAD5FB}.ExportRelease|Any CPU.Build.0 = Debug|Any CPU
		{5ACBAD0D-2441-4406-9151-B8BBD5EBD8CE}.Debug|Any CPU.ActiveCfg = Debug|Any CPU
		{5ACBAD0D-2441-4406-9151-B8BBD5EBD8CE}.Debug|Any CPU.Build.0 = Debug|Any CPU
		{5ACBAD0D-2441-4406-9151-B8BBD5EBD8CE}.ExportDebug|Any CPU.ActiveCfg = Debug|Any CPU
		{5ACBAD0D-2441-4406-9151-B8BBD5EBD8CE}.ExportDebug|Any CPU.Build.0 = Debug|Any CPU
		{5ACBAD0D-2441-4406-9151-B8BBD5EBD8CE}.ExportRelease|Any CPU.ActiveCfg = Debug|Any CPU
		{5ACBAD0D-2441-4406-9151-B8BBD5EBD8CE}.ExportRelease|Any CPU.Build.0 = Debug|Any CPU
		{DEC70B9D-0406-4698-A4CD-03CFCE4CDB19}.Debug|Any CPU.ActiveCfg = Debug|Any CPU
		{DEC70B9D-0406-4698-A4CD-03CFCE4CDB19}.Debug|Any CPU.Build.0 = Debug|Any CPU
		{DEC70B9D-0406-4698-A4CD-03CFCE4CDB19}.ExportDebug|Any CPU.ActiveCfg = Debug|Any CPU
		{DEC70B9D-0406-4698-A4CD-03CFCE4CDB19}.ExportDebug|Any CPU.Build.0 = Debug|Any CPU
		{DEC70B9D-0406-4698-A4CD-03CFCE4CDB19}.ExportRelease|Any CPU.ActiveCfg = Debug|Any CPU
		{DEC70B9D-0406-4698-A4CD-03CFCE4CDB19}.ExportRelease|Any CPU.Build.0 = Debug|Any CPU
		{CB4166CB-6763-479E-A352-B835C383975D}.Debug|Any CPU.ActiveCfg = Debug|Any CPU
		{CB4166CB-6763-479E-A352-B835C383975D}.Debug|Any CPU.Build.0 = Debug|Any CPU
		{CB4166CB-6763-479E-A352-B835C383975D}.ExportDebug|Any CPU.ActiveCfg = Debug|Any CPU
		{CB4166CB-6763-479E-A352-B835C383975D}.ExportDebug|Any CPU.Build.0 = Debug|Any CPU
		{CB4166CB-6763-479E-A352-B835C383975D}.ExportRelease|Any CPU.ActiveCfg = Debug|Any CPU
		{CB4166CB-6763-479E-A352-B835C383975D}.ExportRelease|Any CPU.Build.0 = Debug|Any CPU
		{0E41D83B-470C-4A21-A628-A4E15B72425E}.Debug|Any CPU.ActiveCfg = Debug|Any CPU
		{0E41D83B-470C-4A21-A628-A4E15B72425E}.Debug|Any CPU.Build.0 = Debug|Any CPU
		{0E41D83B-470C-4A21-A628-A4E15B72425E}.ExportDebug|Any CPU.ActiveCfg = Debug|Any CPU
		{0E41D83B-470C-4A21-A628-A4E15B72425E}.ExportDebug|Any CPU.Build.0 = Debug|Any CPU
		{0E41D83B-470C-4A21-A628-A4E15B72425E}.ExportRelease|Any CPU.ActiveCfg = Debug|Any CPU
		{0E41D83B-470C-4A21-A628-A4E15B72425E}.ExportRelease|Any CPU.Build.0 = Debug|Any CPU
	EndGlobalSection
	GlobalSection(NestedProjects) = preSolution
		{F776E7E6-9848-4AE9-AD66-9303A8B283B5} = {2A69FAD0-BC78-4F13-B109-C1DBD4AE715C}
		{BBF5F784-9BD5-4E8E-860B-88F80AEAD5FB} = {2A69FAD0-BC78-4F13-B109-C1DBD4AE715C}
	EndGlobalSection
EndGlobal
